// !$*UTF8*$!
{
	archiveVersion = 1;
	classes = {
	};
	objectVersion = 56;
	objects = {

/* Begin PBXBuildFile section */
		4106092D2928602600E44A77 /* TokenDTO.swift in Sources */ = {isa = PBXBuildFile; fileRef = 4106092C2928602600E44A77 /* TokenDTO.swift */; };
		410B18C92929162400A69FD6 /* HomeUseCaseRepresentables.swift in Sources */ = {isa = PBXBuildFile; fileRef = 410B18C82929162400A69FD6 /* HomeUseCaseRepresentables.swift */; };
		410DB72929281A3B00176DE9 /* AppDependencies.swift in Sources */ = {isa = PBXBuildFile; fileRef = 410DB72829281A3B00176DE9 /* AppDependencies.swift */; };
		410DB72B29282AD300176DE9 /* HomeRepository.swift in Sources */ = {isa = PBXBuildFile; fileRef = 410DB72A29282AD300176DE9 /* HomeRepository.swift */; };
		410DB73C29282DB700176DE9 /* APIService.swift in Sources */ = {isa = PBXBuildFile; fileRef = 410DB73229282DB700176DE9 /* APIService.swift */; };
		410DB73D29282DB700176DE9 /* Pagination.swift in Sources */ = {isa = PBXBuildFile; fileRef = 410DB73329282DB700176DE9 /* Pagination.swift */; };
		410DB73E29282DB700176DE9 /* APIAuthManager.swift in Sources */ = {isa = PBXBuildFile; fileRef = 410DB73429282DB700176DE9 /* APIAuthManager.swift */; };
		410DB73F29282DB700176DE9 /* APIEndpoint.swift in Sources */ = {isa = PBXBuildFile; fileRef = 410DB73529282DB700176DE9 /* APIEndpoint.swift */; };
		410DB74029282DB700176DE9 /* AuthEndpoint.swift in Sources */ = {isa = PBXBuildFile; fileRef = 410DB73729282DB700176DE9 /* AuthEndpoint.swift */; };
		410DB74829282E1500176DE9 /* Localizable.strings in Resources */ = {isa = PBXBuildFile; fileRef = 410DB74429282E1500176DE9 /* Localizable.strings */; };
		410DB74929282E1500176DE9 /* LocalizableStrings.swift in Sources */ = {isa = PBXBuildFile; fileRef = 410DB74729282E1500176DE9 /* LocalizableStrings.swift */; };
		410DB75329282F7A00176DE9 /* AppInfoManager.swift in Sources */ = {isa = PBXBuildFile; fileRef = 410DB74F29282F7900176DE9 /* AppInfoManager.swift */; };
		410DB75429282F7A00176DE9 /* Optional+Extension.swift in Sources */ = {isa = PBXBuildFile; fileRef = 410DB75029282F7900176DE9 /* Optional+Extension.swift */; };
		410DB75529282F7A00176DE9 /* APILogger.swift in Sources */ = {isa = PBXBuildFile; fileRef = 410DB75129282F7900176DE9 /* APILogger.swift */; };
		410DB75629282F7A00176DE9 /* Collection+Extension.swift in Sources */ = {isa = PBXBuildFile; fileRef = 410DB75229282F7A00176DE9 /* Collection+Extension.swift */; };
		410DB75A29282FC900176DE9 /* APIConfiguration.swift in Sources */ = {isa = PBXBuildFile; fileRef = 410DB75929282FC900176DE9 /* APIConfiguration.swift */; };
		41882BD0292984520044E186 /* Example.json in Resources */ = {isa = PBXBuildFile; fileRef = 41882BCF292984520044E186 /* Example.json */; };
		41882BD2292989D20044E186 /* DBService.swift in Sources */ = {isa = PBXBuildFile; fileRef = 41882BD1292989D20044E186 /* DBService.swift */; };
		41882BD829298D700044E186 /* ExampleView.swift in Sources */ = {isa = PBXBuildFile; fileRef = 41882BD729298D700044E186 /* ExampleView.swift */; };
		41882BDA29298E320044E186 /* XibView.swift in Sources */ = {isa = PBXBuildFile; fileRef = 41882BD929298E320044E186 /* XibView.swift */; };
		41882BDC29298EC30044E186 /* UIView+Extension.swift in Sources */ = {isa = PBXBuildFile; fileRef = 41882BDB29298EC30044E186 /* UIView+Extension.swift */; };
		4198842229299E06002B21E9 /* Example.swift in Sources */ = {isa = PBXBuildFile; fileRef = 4198842129299E06002B21E9 /* Example.swift */; };
		4198842429299E60002B21E9 /* HomeRepresentable.swift in Sources */ = {isa = PBXBuildFile; fileRef = 4198842329299E60002B21E9 /* HomeRepresentable.swift */; };
		41BCB891292990F600E6E757 /* ExampleView.xib in Resources */ = {isa = PBXBuildFile; fileRef = 41BCB890292990F600E6E757 /* ExampleView.xib */; };
		41BCB8932929936100E6E757 /* HomeDependenciesResolver.swift in Sources */ = {isa = PBXBuildFile; fileRef = 41BCB8922929936100E6E757 /* HomeDependenciesResolver.swift */; };
		41BCB8952929937C00E6E757 /* HomeExternalDependenciesResolver.swift in Sources */ = {isa = PBXBuildFile; fileRef = 41BCB8942929937C00E6E757 /* HomeExternalDependenciesResolver.swift */; };
		C15BA602291AAC7300E0CF95 /* HomeViewController.xib in Resources */ = {isa = PBXBuildFile; fileRef = C15BA601291AAC7300E0CF95 /* HomeViewController.xib */; };
		C15BA615291AAE7600E0CF95 /* HomeUseCase.swift in Sources */ = {isa = PBXBuildFile; fileRef = C15BA614291AAE7600E0CF95 /* HomeUseCase.swift */; };
		C178031D291673D800E9E0AE /* AppDelegate.swift in Sources */ = {isa = PBXBuildFile; fileRef = C178031C291673D800E9E0AE /* AppDelegate.swift */; };
		C178031F291673D800E9E0AE /* SceneDelegate.swift in Sources */ = {isa = PBXBuildFile; fileRef = C178031E291673D800E9E0AE /* SceneDelegate.swift */; };
		C1780326291673DA00E9E0AE /* Assets.xcassets in Resources */ = {isa = PBXBuildFile; fileRef = C1780325291673DA00E9E0AE /* Assets.xcassets */; };
		C1780329291673DA00E9E0AE /* LaunchScreen.storyboard in Resources */ = {isa = PBXBuildFile; fileRef = C1780327291673DA00E9E0AE /* LaunchScreen.storyboard */; };
		C1D3C3382917B340000C522C /* HomeViewController.swift in Sources */ = {isa = PBXBuildFile; fileRef = C1D3C3372917B340000C522C /* HomeViewController.swift */; };
		C1D3C3452917B816000C522C /* HomeViewModel.swift in Sources */ = {isa = PBXBuildFile; fileRef = C1D3C3442917B816000C522C /* HomeViewModel.swift */; };
		C1D3C3492917B952000C522C /* HomeCoordinator.swift in Sources */ = {isa = PBXBuildFile; fileRef = C1D3C3482917B952000C522C /* HomeCoordinator.swift */; };
/* End PBXBuildFile section */

/* Begin PBXFileReference section */
		4106092C2928602600E44A77 /* TokenDTO.swift */ = {isa = PBXFileReference; lastKnownFileType = sourcecode.swift; path = TokenDTO.swift; sourceTree = "<group>"; };
		410B18C82929162400A69FD6 /* HomeUseCaseRepresentables.swift */ = {isa = PBXFileReference; lastKnownFileType = sourcecode.swift; path = HomeUseCaseRepresentables.swift; sourceTree = "<group>"; };
		410DB72829281A3B00176DE9 /* AppDependencies.swift */ = {isa = PBXFileReference; fileEncoding = 4; lastKnownFileType = sourcecode.swift; path = AppDependencies.swift; sourceTree = "<group>"; };
		410DB72A29282AD300176DE9 /* HomeRepository.swift */ = {isa = PBXFileReference; lastKnownFileType = sourcecode.swift; path = HomeRepository.swift; sourceTree = "<group>"; };
		410DB73229282DB700176DE9 /* APIService.swift */ = {isa = PBXFileReference; fileEncoding = 4; lastKnownFileType = sourcecode.swift; path = APIService.swift; sourceTree = "<group>"; };
		410DB73329282DB700176DE9 /* Pagination.swift */ = {isa = PBXFileReference; fileEncoding = 4; lastKnownFileType = sourcecode.swift; path = Pagination.swift; sourceTree = "<group>"; };
		410DB73429282DB700176DE9 /* APIAuthManager.swift */ = {isa = PBXFileReference; fileEncoding = 4; lastKnownFileType = sourcecode.swift; path = APIAuthManager.swift; sourceTree = "<group>"; };
		410DB73529282DB700176DE9 /* APIEndpoint.swift */ = {isa = PBXFileReference; fileEncoding = 4; lastKnownFileType = sourcecode.swift; path = APIEndpoint.swift; sourceTree = "<group>"; };
		410DB73729282DB700176DE9 /* AuthEndpoint.swift */ = {isa = PBXFileReference; fileEncoding = 4; lastKnownFileType = sourcecode.swift; path = AuthEndpoint.swift; sourceTree = "<group>"; };
		410DB74529282E1500176DE9 /* en */ = {isa = PBXFileReference; lastKnownFileType = text.plist.strings; name = en; path = en.lproj/Localizable.strings; sourceTree = "<group>"; };
		410DB74629282E1500176DE9 /* es */ = {isa = PBXFileReference; lastKnownFileType = text.plist.strings; name = es; path = es.lproj/Localizable.strings; sourceTree = "<group>"; };
		410DB74729282E1500176DE9 /* LocalizableStrings.swift */ = {isa = PBXFileReference; fileEncoding = 4; lastKnownFileType = sourcecode.swift; path = LocalizableStrings.swift; sourceTree = "<group>"; };
		410DB74F29282F7900176DE9 /* AppInfoManager.swift */ = {isa = PBXFileReference; fileEncoding = 4; lastKnownFileType = sourcecode.swift; path = AppInfoManager.swift; sourceTree = "<group>"; };
		410DB75029282F7900176DE9 /* Optional+Extension.swift */ = {isa = PBXFileReference; fileEncoding = 4; lastKnownFileType = sourcecode.swift; path = "Optional+Extension.swift"; sourceTree = "<group>"; };
		410DB75129282F7900176DE9 /* APILogger.swift */ = {isa = PBXFileReference; fileEncoding = 4; lastKnownFileType = sourcecode.swift; path = APILogger.swift; sourceTree = "<group>"; };
		410DB75229282F7A00176DE9 /* Collection+Extension.swift */ = {isa = PBXFileReference; fileEncoding = 4; lastKnownFileType = sourcecode.swift; path = "Collection+Extension.swift"; sourceTree = "<group>"; };
		410DB75929282FC900176DE9 /* APIConfiguration.swift */ = {isa = PBXFileReference; fileEncoding = 4; lastKnownFileType = sourcecode.swift; path = APIConfiguration.swift; sourceTree = "<group>"; };
		41882BCF292984520044E186 /* Example.json */ = {isa = PBXFileReference; lastKnownFileType = text.json; path = Example.json; sourceTree = "<group>"; };
		41882BD1292989D20044E186 /* DBService.swift */ = {isa = PBXFileReference; lastKnownFileType = sourcecode.swift; path = DBService.swift; sourceTree = "<group>"; };
		41882BD729298D700044E186 /* ExampleView.swift */ = {isa = PBXFileReference; lastKnownFileType = sourcecode.swift; path = ExampleView.swift; sourceTree = "<group>"; };
		41882BD929298E320044E186 /* XibView.swift */ = {isa = PBXFileReference; lastKnownFileType = sourcecode.swift; path = XibView.swift; sourceTree = "<group>"; };
		41882BDB29298EC30044E186 /* UIView+Extension.swift */ = {isa = PBXFileReference; lastKnownFileType = sourcecode.swift; path = "UIView+Extension.swift"; sourceTree = "<group>"; };
		4198842129299E06002B21E9 /* Example.swift */ = {isa = PBXFileReference; lastKnownFileType = sourcecode.swift; path = Example.swift; sourceTree = "<group>"; };
		4198842329299E60002B21E9 /* HomeRepresentable.swift */ = {isa = PBXFileReference; lastKnownFileType = sourcecode.swift; path = HomeRepresentable.swift; sourceTree = "<group>"; };
		41BCB890292990F600E6E757 /* ExampleView.xib */ = {isa = PBXFileReference; lastKnownFileType = file.xib; path = ExampleView.xib; sourceTree = "<group>"; };
		41BCB8922929936100E6E757 /* HomeDependenciesResolver.swift */ = {isa = PBXFileReference; lastKnownFileType = sourcecode.swift; path = HomeDependenciesResolver.swift; sourceTree = "<group>"; };
		41BCB8942929937C00E6E757 /* HomeExternalDependenciesResolver.swift */ = {isa = PBXFileReference; lastKnownFileType = sourcecode.swift; path = HomeExternalDependenciesResolver.swift; sourceTree = "<group>"; };
		C15BA601291AAC7300E0CF95 /* HomeViewController.xib */ = {isa = PBXFileReference; lastKnownFileType = file.xib; path = HomeViewController.xib; sourceTree = "<group>"; };
		C15BA614291AAE7600E0CF95 /* HomeUseCase.swift */ = {isa = PBXFileReference; lastKnownFileType = sourcecode.swift; path = HomeUseCase.swift; sourceTree = "<group>"; };
		C1780319291673D800E9E0AE /* iOSCleanArchitecture.app */ = {isa = PBXFileReference; explicitFileType = wrapper.application; includeInIndex = 0; path = iOSCleanArchitecture.app; sourceTree = BUILT_PRODUCTS_DIR; };
		C178031C291673D800E9E0AE /* AppDelegate.swift */ = {isa = PBXFileReference; lastKnownFileType = sourcecode.swift; path = AppDelegate.swift; sourceTree = "<group>"; };
		C178031E291673D800E9E0AE /* SceneDelegate.swift */ = {isa = PBXFileReference; lastKnownFileType = sourcecode.swift; path = SceneDelegate.swift; sourceTree = "<group>"; };
		C1780325291673DA00E9E0AE /* Assets.xcassets */ = {isa = PBXFileReference; lastKnownFileType = folder.assetcatalog; path = Assets.xcassets; sourceTree = "<group>"; };
		C1780328291673DA00E9E0AE /* Base */ = {isa = PBXFileReference; lastKnownFileType = file.storyboard; name = Base; path = Base.lproj/LaunchScreen.storyboard; sourceTree = "<group>"; };
		C178032A291673DA00E9E0AE /* Info.plist */ = {isa = PBXFileReference; lastKnownFileType = text.plist.xml; path = Info.plist; sourceTree = "<group>"; };
		C1D3C3372917B340000C522C /* HomeViewController.swift */ = {isa = PBXFileReference; lastKnownFileType = sourcecode.swift; path = HomeViewController.swift; sourceTree = "<group>"; };
		C1D3C3442917B816000C522C /* HomeViewModel.swift */ = {isa = PBXFileReference; lastKnownFileType = sourcecode.swift; path = HomeViewModel.swift; sourceTree = "<group>"; };
		C1D3C3482917B952000C522C /* HomeCoordinator.swift */ = {isa = PBXFileReference; lastKnownFileType = sourcecode.swift; path = HomeCoordinator.swift; sourceTree = "<group>"; };
/* End PBXFileReference section */

/* Begin PBXFrameworksBuildPhase section */
		C1780316291673D800E9E0AE /* Frameworks */ = {
			isa = PBXFrameworksBuildPhase;
			buildActionMask = 2147483647;
			files = (
			);
			runOnlyForDeploymentPostprocessing = 0;
		};
/* End PBXFrameworksBuildPhase section */

/* Begin PBXGroup section */
		410B18BE2928F94900A69FD6 /* Extensions */ = {
			isa = PBXGroup;
			children = (
				410DB75229282F7A00176DE9 /* Collection+Extension.swift */,
				410DB75029282F7900176DE9 /* Optional+Extension.swift */,
				41882BDB29298EC30044E186 /* UIView+Extension.swift */,
			);
			path = Extensions;
			sourceTree = "<group>";
		};
		410B18C129290B7600A69FD6 /* Domain */ = {
			isa = PBXGroup;
			children = (
				C1D3C32A2917B1B5000C522C /* BO */,
				410DB72529280BC300176DE9 /* UseCases */,
			);
			path = Domain;
			sourceTree = "<group>";
		};
		410B18C229290C7B00A69FD6 /* Home */ = {
			isa = PBXGroup;
			children = (
				410DB72A29282AD300176DE9 /* HomeRepository.swift */,
			);
			path = Home;
			sourceTree = "<group>";
		};
		410B18C329290C8E00A69FD6 /* Home */ = {
			isa = PBXGroup;
			children = (
				C15BA614291AAE7600E0CF95 /* HomeUseCase.swift */,
				410B18C82929162400A69FD6 /* HomeUseCaseRepresentables.swift */,
			);
			path = Home;
			sourceTree = "<group>";
		};
		410B18C529290E4400A69FD6 /* Representables */ = {
			isa = PBXGroup;
			children = (
				4198842329299E60002B21E9 /* HomeRepresentable.swift */,
			);
			path = Representables;
			sourceTree = "<group>";
		};
		410B18C62929133C00A69FD6 /* Services */ = {
			isa = PBXGroup;
			children = (
				410B18C72929136C00A69FD6 /* DB */,
				410DB72C29282D0D00176DE9 /* API */,
			);
			path = Services;
			sourceTree = "<group>";
		};
		410B18C72929136C00A69FD6 /* DB */ = {
			isa = PBXGroup;
			children = (
				41882BD1292989D20044E186 /* DBService.swift */,
			);
			path = DB;
			sourceTree = "<group>";
		};
		410DB7202928008D00176DE9 /* Dependencies */ = {
			isa = PBXGroup;
			children = (
				41BCB8922929936100E6E757 /* HomeDependenciesResolver.swift */,
				41BCB8942929937C00E6E757 /* HomeExternalDependenciesResolver.swift */,
			);
			path = Dependencies;
			sourceTree = "<group>";
		};
		410DB72529280BC300176DE9 /* UseCases */ = {
			isa = PBXGroup;
			children = (
				410B18C329290C8E00A69FD6 /* Home */,
			);
			path = UseCases;
			sourceTree = "<group>";
		};
		410DB72729281A3B00176DE9 /* DI */ = {
			isa = PBXGroup;
			children = (
				410DB72829281A3B00176DE9 /* AppDependencies.swift */,
			);
			path = DI;
			sourceTree = "<group>";
		};
		410DB72C29282D0D00176DE9 /* API */ = {
			isa = PBXGroup;
			children = (
				410DB73629282DB700176DE9 /* Endpoints */,
				410DB72E29282DB700176DE9 /* Mocks */,
				410DB73129282DB700176DE9 /* APIService */,
			);
			path = API;
			sourceTree = "<group>";
		};
		410DB72E29282DB700176DE9 /* Mocks */ = {
			isa = PBXGroup;
			children = (
				41882BCF292984520044E186 /* Example.json */,
			);
			path = Mocks;
			sourceTree = "<group>";
		};
		410DB73129282DB700176DE9 /* APIService */ = {
			isa = PBXGroup;
			children = (
				410DB75929282FC900176DE9 /* APIConfiguration.swift */,
				410DB73429282DB700176DE9 /* APIAuthManager.swift */,
				410DB73529282DB700176DE9 /* APIEndpoint.swift */,
				410DB75129282F7900176DE9 /* APILogger.swift */,
				410DB73229282DB700176DE9 /* APIService.swift */,
				410DB73329282DB700176DE9 /* Pagination.swift */,
			);
			path = APIService;
			sourceTree = "<group>";
		};
		410DB73629282DB700176DE9 /* Endpoints */ = {
			isa = PBXGroup;
			children = (
				410DB73729282DB700176DE9 /* AuthEndpoint.swift */,
			);
			path = Endpoints;
			sourceTree = "<group>";
		};
		410DB74329282E1500176DE9 /* Localizables */ = {
			isa = PBXGroup;
			children = (
				410DB74429282E1500176DE9 /* Localizable.strings */,
				410DB74729282E1500176DE9 /* LocalizableStrings.swift */,
			);
			path = Localizables;
			sourceTree = "<group>";
		};
		410DB74D29282E5E00176DE9 /* Basics */ = {
			isa = PBXGroup;
			children = (
				C178031C291673D800E9E0AE /* AppDelegate.swift */,
				C178031E291673D800E9E0AE /* SceneDelegate.swift */,
				C1780327291673DA00E9E0AE /* LaunchScreen.storyboard */,
			);
			path = Basics;
			sourceTree = "<group>";
		};
		410DB75729282FB300176DE9 /* iOSCleanArchitecture */ = {
			isa = PBXGroup;
			children = (
				410DB72729281A3B00176DE9 /* DI */,
				410B18C62929133C00A69FD6 /* Services */,
				C1D3C32629167417000C522C /* Data */,
				410B18C129290B7600A69FD6 /* Domain */,
				C1D3C32429167401000C522C /* Presentation */,
				C1E97E9D292569970086F3A8 /* Resources */,
			);
			path = iOSCleanArchitecture;
			sourceTree = "<group>";
		};
		41882BDD292990AE0044E186 /* ExampleView */ = {
			isa = PBXGroup;
			children = (
				41BCB890292990F600E6E757 /* ExampleView.xib */,
				41882BD729298D700044E186 /* ExampleView.swift */,
			);
			path = ExampleView;
			sourceTree = "<group>";
		};
		41C2B9062926D79600ADFD30 /* Components */ = {
			isa = PBXGroup;
			children = (
				41882BDD292990AE0044E186 /* ExampleView */,
			);
			path = Components;
			sourceTree = "<group>";
		};
		41C2B9082926D83C00ADFD30 /* Coordinator */ = {
			isa = PBXGroup;
			children = (
				C1D3C3482917B952000C522C /* HomeCoordinator.swift */,
			);
			path = Coordinator;
			sourceTree = "<group>";
		};
		41C2B9092926D84900ADFD30 /* ViewModel */ = {
			isa = PBXGroup;
			children = (
				C1D3C3442917B816000C522C /* HomeViewModel.swift */,
			);
			path = ViewModel;
			sourceTree = "<group>";
		};
		41C2B90A2926D85500ADFD30 /* View */ = {
			isa = PBXGroup;
			children = (
				C15BA601291AAC7300E0CF95 /* HomeViewController.xib */,
				C1D3C3372917B340000C522C /* HomeViewController.swift */,
			);
			path = View;
			sourceTree = "<group>";
		};
		C159551529239CAA00F76A1A /* Utils */ = {
			isa = PBXGroup;
			children = (
				410DB74F29282F7900176DE9 /* AppInfoManager.swift */,
				41882BD929298E320044E186 /* XibView.swift */,
				410B18BE2928F94900A69FD6 /* Extensions */,
			);
			path = Utils;
			sourceTree = "<group>";
		};
		C1780310291673D800E9E0AE = {
			isa = PBXGroup;
			children = (
				410DB75729282FB300176DE9 /* iOSCleanArchitecture */,
				C178031A291673D800E9E0AE /* Products */,
			);
			sourceTree = "<group>";
		};
		C178031A291673D800E9E0AE /* Products */ = {
			isa = PBXGroup;
			children = (
				C1780319291673D800E9E0AE /* iOSCleanArchitecture.app */,
			);
			name = Products;
			sourceTree = "<group>";
		};
		C1D3C32429167401000C522C /* Presentation */ = {
			isa = PBXGroup;
			children = (
				C1D3C3252916740B000C522C /* App */,
				41C2B9062926D79600ADFD30 /* Components */,
				C1D3C32C2917B229000C522C /* Scenes */,
			);
			path = Presentation;
			sourceTree = "<group>";
		};
		C1D3C3252916740B000C522C /* App */ = {
			isa = PBXGroup;
			children = (
				410DB74D29282E5E00176DE9 /* Basics */,
				C159551529239CAA00F76A1A /* Utils */,
			);
			path = App;
			sourceTree = "<group>";
		};
		C1D3C32629167417000C522C /* Data */ = {
			isa = PBXGroup;
			children = (
				C1D3C329291674C5000C522C /* DTO */,
				C1D3C32829167446000C522C /* Repositories */,
			);
			path = Data;
			sourceTree = "<group>";
		};
		C1D3C32829167446000C522C /* Repositories */ = {
			isa = PBXGroup;
			children = (
				410B18C229290C7B00A69FD6 /* Home */,
			);
			path = Repositories;
			sourceTree = "<group>";
		};
		C1D3C329291674C5000C522C /* DTO */ = {
			isa = PBXGroup;
			children = (
				4106092C2928602600E44A77 /* TokenDTO.swift */,
			);
			path = DTO;
			sourceTree = "<group>";
		};
		C1D3C32A2917B1B5000C522C /* BO */ = {
			isa = PBXGroup;
			children = (
				4198842129299E06002B21E9 /* Example.swift */,
			);
			path = BO;
			sourceTree = "<group>";
		};
		C1D3C32C2917B229000C522C /* Scenes */ = {
			isa = PBXGroup;
			children = (
				C1D3C3362917B30E000C522C /* Home */,
			);
			path = Scenes;
			sourceTree = "<group>";
		};
		C1D3C3362917B30E000C522C /* Home */ = {
			isa = PBXGroup;
			children = (
				41C2B9082926D83C00ADFD30 /* Coordinator */,
				410DB7202928008D00176DE9 /* Dependencies */,
				410B18C529290E4400A69FD6 /* Representables */,
				41C2B9092926D84900ADFD30 /* ViewModel */,
				41C2B90A2926D85500ADFD30 /* View */,
			);
			path = Home;
			sourceTree = "<group>";
		};
		C1E97E9D292569970086F3A8 /* Resources */ = {
			isa = PBXGroup;
			children = (
				C1780325291673DA00E9E0AE /* Assets.xcassets */,
				C178032A291673DA00E9E0AE /* Info.plist */,
				410DB74329282E1500176DE9 /* Localizables */,
			);
			path = Resources;
			sourceTree = "<group>";
		};
/* End PBXGroup section */

/* Begin PBXNativeTarget section */
		C1780318291673D800E9E0AE /* iOSCleanArchitecture */ = {
			isa = PBXNativeTarget;
			buildConfigurationList = C178032D291673DA00E9E0AE /* Build configuration list for PBXNativeTarget "iOSCleanArchitecture" */;
			buildPhases = (
				C1780315291673D800E9E0AE /* Sources */,
				C1780316291673D800E9E0AE /* Frameworks */,
				C1780317291673D800E9E0AE /* Resources */,
			);
			buildRules = (
			);
			dependencies = (
			);
			name = iOSCleanArchitecture;
			productName = clean;
			productReference = C1780319291673D800E9E0AE /* iOSCleanArchitecture.app */;
			productType = "com.apple.product-type.application";
		};
/* End PBXNativeTarget section */

/* Begin PBXProject section */
		C1780311291673D800E9E0AE /* Project object */ = {
			isa = PBXProject;
			attributes = {
				BuildIndependentTargetsInParallel = 1;
				LastSwiftUpdateCheck = 1410;
				LastUpgradeCheck = 1410;
				TargetAttributes = {
					C1780318291673D800E9E0AE = {
						CreatedOnToolsVersion = 14.1;
					};
				};
			};
			buildConfigurationList = C1780314291673D800E9E0AE /* Build configuration list for PBXProject "iOSCleanArchitecture" */;
			compatibilityVersion = "Xcode 14.0";
			developmentRegion = en;
			hasScannedForEncodings = 0;
			knownRegions = (
				en,
				Base,
				es,
			);
			mainGroup = C1780310291673D800E9E0AE;
			productRefGroup = C178031A291673D800E9E0AE /* Products */;
			projectDirPath = "";
			projectRoot = "";
			targets = (
				C1780318291673D800E9E0AE /* iOSCleanArchitecture */,
			);
		};
/* End PBXProject section */

/* Begin PBXResourcesBuildPhase section */
		C1780317291673D800E9E0AE /* Resources */ = {
			isa = PBXResourcesBuildPhase;
			buildActionMask = 2147483647;
			files = (
				41882BD0292984520044E186 /* Example.json in Resources */,
				410DB74829282E1500176DE9 /* Localizable.strings in Resources */,
				C1780329291673DA00E9E0AE /* LaunchScreen.storyboard in Resources */,
				C1780326291673DA00E9E0AE /* Assets.xcassets in Resources */,
				C15BA602291AAC7300E0CF95 /* HomeViewController.xib in Resources */,
				41BCB891292990F600E6E757 /* ExampleView.xib in Resources */,
			);
			runOnlyForDeploymentPostprocessing = 0;
		};
/* End PBXResourcesBuildPhase section */

/* Begin PBXSourcesBuildPhase section */
		C1780315291673D800E9E0AE /* Sources */ = {
			isa = PBXSourcesBuildPhase;
			buildActionMask = 2147483647;
			files = (
				410DB73F29282DB700176DE9 /* APIEndpoint.swift in Sources */,
				410DB72929281A3B00176DE9 /* AppDependencies.swift in Sources */,
				C1D3C3382917B340000C522C /* HomeViewController.swift in Sources */,
				C15BA615291AAE7600E0CF95 /* HomeUseCase.swift in Sources */,
				410DB73E29282DB700176DE9 /* APIAuthManager.swift in Sources */,
				410DB74029282DB700176DE9 /* AuthEndpoint.swift in Sources */,
				C1D3C3452917B816000C522C /* HomeViewModel.swift in Sources */,
				410DB75529282F7A00176DE9 /* APILogger.swift in Sources */,
				4198842229299E06002B21E9 /* Example.swift in Sources */,
				4106092D2928602600E44A77 /* TokenDTO.swift in Sources */,
				41BCB8932929936100E6E757 /* HomeDependenciesResolver.swift in Sources */,
				410DB73C29282DB700176DE9 /* APIService.swift in Sources */,
				410DB75629282F7A00176DE9 /* Collection+Extension.swift in Sources */,
				41882BDC29298EC30044E186 /* UIView+Extension.swift in Sources */,
				C1D3C3492917B952000C522C /* HomeCoordinator.swift in Sources */,
				410DB75329282F7A00176DE9 /* AppInfoManager.swift in Sources */,
				C178031D291673D800E9E0AE /* AppDelegate.swift in Sources */,
				410DB74929282E1500176DE9 /* LocalizableStrings.swift in Sources */,
				41882BD2292989D20044E186 /* DBService.swift in Sources */,
				410DB73D29282DB700176DE9 /* Pagination.swift in Sources */,
				41882BD829298D700044E186 /* ExampleView.swift in Sources */,
				C178031F291673D800E9E0AE /* SceneDelegate.swift in Sources */,
				410DB75429282F7A00176DE9 /* Optional+Extension.swift in Sources */,
				41882BDA29298E320044E186 /* XibView.swift in Sources */,
				410DB75A29282FC900176DE9 /* APIConfiguration.swift in Sources */,
				41BCB8952929937C00E6E757 /* HomeExternalDependenciesResolver.swift in Sources */,
				410B18C92929162400A69FD6 /* HomeUseCaseRepresentables.swift in Sources */,
				4198842429299E60002B21E9 /* HomeRepresentable.swift in Sources */,
				410DB72B29282AD300176DE9 /* HomeRepository.swift in Sources */,
			);
			runOnlyForDeploymentPostprocessing = 0;
		};
/* End PBXSourcesBuildPhase section */

/* Begin PBXVariantGroup section */
		410DB74429282E1500176DE9 /* Localizable.strings */ = {
			isa = PBXVariantGroup;
			children = (
				410DB74529282E1500176DE9 /* en */,
				410DB74629282E1500176DE9 /* es */,
			);
			name = Localizable.strings;
			sourceTree = "<group>";
		};
		C1780327291673DA00E9E0AE /* LaunchScreen.storyboard */ = {
			isa = PBXVariantGroup;
			children = (
				C1780328291673DA00E9E0AE /* Base */,
			);
			name = LaunchScreen.storyboard;
			sourceTree = "<group>";
		};
/* End PBXVariantGroup section */

/* Begin XCBuildConfiguration section */
		4106092929285C2000E44A77 /* Production */ = {
			isa = XCBuildConfiguration;
			buildSettings = {
				ALWAYS_SEARCH_USER_PATHS = NO;
				CLANG_ANALYZER_NONNULL = YES;
				CLANG_ANALYZER_NUMBER_OBJECT_CONVERSION = YES_AGGRESSIVE;
				CLANG_CXX_LANGUAGE_STANDARD = "gnu++20";
				CLANG_ENABLE_MODULES = YES;
				CLANG_ENABLE_OBJC_ARC = YES;
				CLANG_ENABLE_OBJC_WEAK = YES;
				CLANG_WARN_BLOCK_CAPTURE_AUTORELEASING = YES;
				CLANG_WARN_BOOL_CONVERSION = YES;
				CLANG_WARN_COMMA = YES;
				CLANG_WARN_CONSTANT_CONVERSION = YES;
				CLANG_WARN_DEPRECATED_OBJC_IMPLEMENTATIONS = YES;
				CLANG_WARN_DIRECT_OBJC_ISA_USAGE = YES_ERROR;
				CLANG_WARN_DOCUMENTATION_COMMENTS = YES;
				CLANG_WARN_EMPTY_BODY = YES;
				CLANG_WARN_ENUM_CONVERSION = YES;
				CLANG_WARN_INFINITE_RECURSION = YES;
				CLANG_WARN_INT_CONVERSION = YES;
				CLANG_WARN_NON_LITERAL_NULL_CONVERSION = YES;
				CLANG_WARN_OBJC_IMPLICIT_RETAIN_SELF = YES;
				CLANG_WARN_OBJC_LITERAL_CONVERSION = YES;
				CLANG_WARN_OBJC_ROOT_CLASS = YES_ERROR;
				CLANG_WARN_QUOTED_INCLUDE_IN_FRAMEWORK_HEADER = YES;
				CLANG_WARN_RANGE_LOOP_ANALYSIS = YES;
				CLANG_WARN_STRICT_PROTOTYPES = YES;
				CLANG_WARN_SUSPICIOUS_MOVE = YES;
				CLANG_WARN_UNGUARDED_AVAILABILITY = YES_AGGRESSIVE;
				CLANG_WARN_UNREACHABLE_CODE = YES;
				CLANG_WARN__DUPLICATE_METHOD_MATCH = YES;
				COPY_PHASE_STRIP = NO;
				DEBUG_INFORMATION_FORMAT = "dwarf-with-dsym";
				ENABLE_NS_ASSERTIONS = NO;
				ENABLE_STRICT_OBJC_MSGSEND = YES;
				GCC_C_LANGUAGE_STANDARD = gnu11;
				GCC_NO_COMMON_BLOCKS = YES;
				GCC_WARN_64_TO_32_BIT_CONVERSION = YES;
				GCC_WARN_ABOUT_RETURN_TYPE = YES_ERROR;
				GCC_WARN_UNDECLARED_SELECTOR = YES;
				GCC_WARN_UNINITIALIZED_AUTOS = YES_AGGRESSIVE;
				GCC_WARN_UNUSED_FUNCTION = YES;
				GCC_WARN_UNUSED_VARIABLE = YES;
				INFOPLIST_KEY_CFBundleDisplayName = "$(PRODUCT_NAME)";
				IPHONEOS_DEPLOYMENT_TARGET = 13.0;
				MTL_ENABLE_DEBUG_INFO = NO;
				MTL_FAST_MATH = YES;
				SDKROOT = iphoneos;
				SWIFT_COMPILATION_MODE = wholemodule;
				SWIFT_OPTIMIZATION_LEVEL = "-O";
				VALIDATE_PRODUCT = YES;
			};
			name = Production;
		};
		4106092A29285C2000E44A77 /* Production */ = {
			isa = XCBuildConfiguration;
			buildSettings = {
				ASSETCATALOG_COMPILER_APPICON_NAME = AppIcon;
				ASSETCATALOG_COMPILER_GLOBAL_ACCENT_COLOR_NAME = AccentColor;
				CODE_SIGN_STYLE = Automatic;
				CURRENT_PROJECT_VERSION = 1;
				DEVELOPMENT_TEAM = FTAKQJ3877;
				GENERATE_INFOPLIST_FILE = YES;
				INFOPLIST_FILE = iOSCleanArchitecture/Resources/Info.plist;
				INFOPLIST_KEY_CFBundleDisplayName = MVVM;
				INFOPLIST_KEY_UIApplicationSupportsIndirectInputEvents = YES;
				INFOPLIST_KEY_UILaunchStoryboardName = LaunchScreen.storyboard;
				INFOPLIST_KEY_UISupportedInterfaceOrientations = UIInterfaceOrientationPortrait;
				INFOPLIST_KEY_UIUserInterfaceStyle = Light;
				IPHONEOS_DEPLOYMENT_TARGET = 13.0;
				LD_RUNPATH_SEARCH_PATHS = (
					"$(inherited)",
					"@executable_path/Frameworks",
				);
				MARKETING_VERSION = 1.0;
				PRODUCT_BUNDLE_IDENTIFIER = com.miguelferrer.ioscleanarchitecture;
				PRODUCT_NAME = "$(TARGET_NAME)";
				SUPPORTED_PLATFORMS = "iphoneos iphonesimulator";
				SUPPORTS_MACCATALYST = NO;
				SUPPORTS_MAC_DESIGNED_FOR_IPHONE_IPAD = NO;
				SWIFT_EMIT_LOC_STRINGS = YES;
				SWIFT_VERSION = 5.0;
				TARGETED_DEVICE_FAMILY = "1,2";
			};
			name = Production;
		};
		C178032B291673DA00E9E0AE /* Demo */ = {
			isa = XCBuildConfiguration;
			buildSettings = {
				ALWAYS_SEARCH_USER_PATHS = NO;
				CLANG_ANALYZER_NONNULL = YES;
				CLANG_ANALYZER_NUMBER_OBJECT_CONVERSION = YES_AGGRESSIVE;
				CLANG_CXX_LANGUAGE_STANDARD = "gnu++20";
				CLANG_ENABLE_MODULES = YES;
				CLANG_ENABLE_OBJC_ARC = YES;
				CLANG_ENABLE_OBJC_WEAK = YES;
				CLANG_WARN_BLOCK_CAPTURE_AUTORELEASING = YES;
				CLANG_WARN_BOOL_CONVERSION = YES;
				CLANG_WARN_COMMA = YES;
				CLANG_WARN_CONSTANT_CONVERSION = YES;
				CLANG_WARN_DEPRECATED_OBJC_IMPLEMENTATIONS = YES;
				CLANG_WARN_DIRECT_OBJC_ISA_USAGE = YES_ERROR;
				CLANG_WARN_DOCUMENTATION_COMMENTS = YES;
				CLANG_WARN_EMPTY_BODY = YES;
				CLANG_WARN_ENUM_CONVERSION = YES;
				CLANG_WARN_INFINITE_RECURSION = YES;
				CLANG_WARN_INT_CONVERSION = YES;
				CLANG_WARN_NON_LITERAL_NULL_CONVERSION = YES;
				CLANG_WARN_OBJC_IMPLICIT_RETAIN_SELF = YES;
				CLANG_WARN_OBJC_LITERAL_CONVERSION = YES;
				CLANG_WARN_OBJC_ROOT_CLASS = YES_ERROR;
				CLANG_WARN_QUOTED_INCLUDE_IN_FRAMEWORK_HEADER = YES;
				CLANG_WARN_RANGE_LOOP_ANALYSIS = YES;
				CLANG_WARN_STRICT_PROTOTYPES = YES;
				CLANG_WARN_SUSPICIOUS_MOVE = YES;
				CLANG_WARN_UNGUARDED_AVAILABILITY = YES_AGGRESSIVE;
				CLANG_WARN_UNREACHABLE_CODE = YES;
				CLANG_WARN__DUPLICATE_METHOD_MATCH = YES;
				COPY_PHASE_STRIP = NO;
				DEBUG_INFORMATION_FORMAT = dwarf;
				ENABLE_STRICT_OBJC_MSGSEND = YES;
				ENABLE_TESTABILITY = YES;
				GCC_C_LANGUAGE_STANDARD = gnu11;
				GCC_DYNAMIC_NO_PIC = NO;
				GCC_NO_COMMON_BLOCKS = YES;
				GCC_OPTIMIZATION_LEVEL = 0;
				GCC_PREPROCESSOR_DEFINITIONS = (
					"DEBUG=1",
					"$(inherited)",
				);
				GCC_WARN_64_TO_32_BIT_CONVERSION = YES;
				GCC_WARN_ABOUT_RETURN_TYPE = YES_ERROR;
				GCC_WARN_UNDECLARED_SELECTOR = YES;
				GCC_WARN_UNINITIALIZED_AUTOS = YES_AGGRESSIVE;
				GCC_WARN_UNUSED_FUNCTION = YES;
				GCC_WARN_UNUSED_VARIABLE = YES;
				INFOPLIST_KEY_CFBundleDisplayName = "$(PRODUCT_NAME) Demo";
				IPHONEOS_DEPLOYMENT_TARGET = 13.0;
				MTL_ENABLE_DEBUG_INFO = INCLUDE_SOURCE;
				MTL_FAST_MATH = YES;
				ONLY_ACTIVE_ARCH = YES;
				SDKROOT = iphoneos;
				SWIFT_ACTIVE_COMPILATION_CONDITIONS = DEBUG;
				SWIFT_OPTIMIZATION_LEVEL = "-Onone";
			};
			name = Demo;
		};
		C178032C291673DA00E9E0AE /* Develop */ = {
			isa = XCBuildConfiguration;
			buildSettings = {
				ALWAYS_SEARCH_USER_PATHS = NO;
				CLANG_ANALYZER_NONNULL = YES;
				CLANG_ANALYZER_NUMBER_OBJECT_CONVERSION = YES_AGGRESSIVE;
				CLANG_CXX_LANGUAGE_STANDARD = "gnu++20";
				CLANG_ENABLE_MODULES = YES;
				CLANG_ENABLE_OBJC_ARC = YES;
				CLANG_ENABLE_OBJC_WEAK = YES;
				CLANG_WARN_BLOCK_CAPTURE_AUTORELEASING = YES;
				CLANG_WARN_BOOL_CONVERSION = YES;
				CLANG_WARN_COMMA = YES;
				CLANG_WARN_CONSTANT_CONVERSION = YES;
				CLANG_WARN_DEPRECATED_OBJC_IMPLEMENTATIONS = YES;
				CLANG_WARN_DIRECT_OBJC_ISA_USAGE = YES_ERROR;
				CLANG_WARN_DOCUMENTATION_COMMENTS = YES;
				CLANG_WARN_EMPTY_BODY = YES;
				CLANG_WARN_ENUM_CONVERSION = YES;
				CLANG_WARN_INFINITE_RECURSION = YES;
				CLANG_WARN_INT_CONVERSION = YES;
				CLANG_WARN_NON_LITERAL_NULL_CONVERSION = YES;
				CLANG_WARN_OBJC_IMPLICIT_RETAIN_SELF = YES;
				CLANG_WARN_OBJC_LITERAL_CONVERSION = YES;
				CLANG_WARN_OBJC_ROOT_CLASS = YES_ERROR;
				CLANG_WARN_QUOTED_INCLUDE_IN_FRAMEWORK_HEADER = YES;
				CLANG_WARN_RANGE_LOOP_ANALYSIS = YES;
				CLANG_WARN_STRICT_PROTOTYPES = YES;
				CLANG_WARN_SUSPICIOUS_MOVE = YES;
				CLANG_WARN_UNGUARDED_AVAILABILITY = YES_AGGRESSIVE;
				CLANG_WARN_UNREACHABLE_CODE = YES;
				CLANG_WARN__DUPLICATE_METHOD_MATCH = YES;
				COPY_PHASE_STRIP = NO;
				DEBUG_INFORMATION_FORMAT = "dwarf-with-dsym";
				ENABLE_NS_ASSERTIONS = NO;
				ENABLE_STRICT_OBJC_MSGSEND = YES;
				GCC_C_LANGUAGE_STANDARD = gnu11;
				GCC_NO_COMMON_BLOCKS = YES;
				GCC_WARN_64_TO_32_BIT_CONVERSION = YES;
				GCC_WARN_ABOUT_RETURN_TYPE = YES_ERROR;
				GCC_WARN_UNDECLARED_SELECTOR = YES;
				GCC_WARN_UNINITIALIZED_AUTOS = YES_AGGRESSIVE;
				GCC_WARN_UNUSED_FUNCTION = YES;
				GCC_WARN_UNUSED_VARIABLE = YES;
				INFOPLIST_KEY_CFBundleDisplayName = "$(PRODUCT_NAME) Dev";
				IPHONEOS_DEPLOYMENT_TARGET = 13.0;
				MTL_ENABLE_DEBUG_INFO = NO;
				MTL_FAST_MATH = YES;
				SDKROOT = iphoneos;
				SWIFT_COMPILATION_MODE = wholemodule;
				SWIFT_OPTIMIZATION_LEVEL = "-O";
				VALIDATE_PRODUCT = YES;
			};
			name = Develop;
		};
		C178032E291673DA00E9E0AE /* Demo */ = {
			isa = XCBuildConfiguration;
			buildSettings = {
				ASSETCATALOG_COMPILER_APPICON_NAME = AppIcon;
				ASSETCATALOG_COMPILER_GLOBAL_ACCENT_COLOR_NAME = AccentColor;
				CODE_SIGN_STYLE = Automatic;
				CURRENT_PROJECT_VERSION = 1;
				DEVELOPMENT_TEAM = FTAKQJ3877;
				GENERATE_INFOPLIST_FILE = YES;
				INFOPLIST_FILE = iOSCleanArchitecture/Resources/Info.plist;
				INFOPLIST_KEY_CFBundleDisplayName = "MVVM Demo";
				INFOPLIST_KEY_UIApplicationSupportsIndirectInputEvents = YES;
				INFOPLIST_KEY_UILaunchStoryboardName = LaunchScreen.storyboard;
				INFOPLIST_KEY_UISupportedInterfaceOrientations = UIInterfaceOrientationPortrait;
				INFOPLIST_KEY_UIUserInterfaceStyle = Light;
				IPHONEOS_DEPLOYMENT_TARGET = 13.0;
				LD_RUNPATH_SEARCH_PATHS = (
					"$(inherited)",
					"@executable_path/Frameworks",
				);
				MARKETING_VERSION = 1.0;
				PRODUCT_BUNDLE_IDENTIFIER = com.miguelferrer.ioscleanarchitecture.demo;
				PRODUCT_NAME = "$(TARGET_NAME)";
				SUPPORTED_PLATFORMS = "iphoneos iphonesimulator";
				SUPPORTS_MACCATALYST = NO;
				SUPPORTS_MAC_DESIGNED_FOR_IPHONE_IPAD = NO;
				SWIFT_EMIT_LOC_STRINGS = YES;
				SWIFT_VERSION = 5.0;
				TARGETED_DEVICE_FAMILY = "1,2";
				VERSION_INFO_SUFFIX = "";
			};
			name = Demo;
		};
		C178032F291673DA00E9E0AE /* Develop */ = {
			isa = XCBuildConfiguration;
			buildSettings = {
				ASSETCATALOG_COMPILER_APPICON_NAME = AppIcon;
				ASSETCATALOG_COMPILER_GLOBAL_ACCENT_COLOR_NAME = AccentColor;
				CODE_SIGN_STYLE = Automatic;
				CURRENT_PROJECT_VERSION = 1;
				DEVELOPMENT_TEAM = FTAKQJ3877;
				GENERATE_INFOPLIST_FILE = YES;
				INFOPLIST_FILE = iOSCleanArchitecture/Resources/Info.plist;
				INFOPLIST_KEY_CFBundleDisplayName = "MVVM Dev";
				INFOPLIST_KEY_UIApplicationSupportsIndirectInputEvents = YES;
				INFOPLIST_KEY_UILaunchStoryboardName = LaunchScreen.storyboard;
				INFOPLIST_KEY_UISupportedInterfaceOrientations = UIInterfaceOrientationPortrait;
				INFOPLIST_KEY_UIUserInterfaceStyle = Light;
				IPHONEOS_DEPLOYMENT_TARGET = 13.0;
				LD_RUNPATH_SEARCH_PATHS = (
					"$(inherited)",
					"@executable_path/Frameworks",
				);
				MARKETING_VERSION = 1.0;
				PRODUCT_BUNDLE_IDENTIFIER = com.miguelferrer.ioscleanarchitecture.dev;
				PRODUCT_NAME = "$(TARGET_NAME)";
				SUPPORTED_PLATFORMS = "iphoneos iphonesimulator";
				SUPPORTS_MACCATALYST = NO;
				SUPPORTS_MAC_DESIGNED_FOR_IPHONE_IPAD = NO;
				SWIFT_EMIT_LOC_STRINGS = YES;
				SWIFT_VERSION = 5.0;
				TARGETED_DEVICE_FAMILY = "1,2";
				VERSION_INFO_SUFFIX = "";
			};
			name = Develop;
		};
/* End XCBuildConfiguration section */

/* Begin XCConfigurationList section */
		C1780314291673D800E9E0AE /* Build configuration list for PBXProject "iOSCleanArchitecture" */ = {
			isa = XCConfigurationList;
			buildConfigurations = (
				C178032B291673DA00E9E0AE /* Demo */,
				C178032C291673DA00E9E0AE /* Develop */,
				4106092929285C2000E44A77 /* Production */,
			);
			defaultConfigurationIsVisible = 0;
			defaultConfigurationName = Develop;
		};
		C178032D291673DA00E9E0AE /* Build configuration list for PBXNativeTarget "iOSCleanArchitecture" */ = {
			isa = XCConfigurationList;
			buildConfigurations = (
				C178032E291673DA00E9E0AE /* Demo */,
				C178032F291673DA00E9E0AE /* Develop */,
				4106092A29285C2000E44A77 /* Production */,
			);
			defaultConfigurationIsVisible = 0;
			defaultConfigurationName = Develop;
		};
/* End XCConfigurationList section */
	};
	rootObject = C1780311291673D800E9E0AE /* Project object */;
}
